
Microsoft Visual Studio Solution File, Format Version 12.00
# Visual Studio 2013
VisualStudioVersion = 12.0.30501.0
MinimumVisualStudioVersion = 10.0.40219.1
Project("{E24C65DC-7377-472B-9ABA-BC803B73C61A}") = "nafSadh.com", "http://localhost:52675", "{9A323420-0F50-402C-A7F8-228CA4C4C0D1}"
	ProjectSection(WebsiteProperties) = preProject
		UseIISExpress = "true"
		TargetFrameworkMoniker = ".NETFramework,Version%3Dv4.0"
		Debug.AspNetCompiler.VirtualPath = "/localhost_52675"
		Debug.AspNetCompiler.PhysicalPath = "N:\NS7\xampp\htdocs\nafSadh.com\"
		Debug.AspNetCompiler.TargetPath = "PrecompiledWeb\localhost_52675\"
		Debug.AspNetCompiler.Updateable = "true"
		Debug.AspNetCompiler.ForceOverwrite = "true"
		Debug.AspNetCompiler.FixedNames = "false"
		Debug.AspNetCompiler.Debug = "True"
		Release.AspNetCompiler.VirtualPath = "/localhost_52675"
		Release.AspNetCompiler.PhysicalPath = "N:\NS7\xampp\htdocs\nafSadh.com\"
		Release.AspNetCompiler.TargetPath = "PrecompiledWeb\localhost_52675\"
		Release.AspNetCompiler.Updateable = "true"
		Release.AspNetCompiler.ForceOverwrite = "true"
		Release.AspNetCompiler.FixedNames = "false"
		Release.AspNetCompiler.Debug = "False"
		SlnRelativePath = "N:\NS7\xampp\htdocs\nafSadh.com\"
	EndProjectSection
EndProject
Global
	GlobalSection(SolutionConfigurationPlatforms) = preSolution
		Debug|Any CPU = Debug|Any CPU
	EndGlobalSection
	GlobalSection(ProjectConfigurationPlatforms) = postSolution
		{9A323420-0F50-402C-A7F8-228CA4C4C0D1}.Debug|Any CPU.ActiveCfg = Debug|Any CPU
		{9A323420-0F50-402C-A7F8-228CA4C4C0D1}.Debug|Any CPU.Build.0 = Debug|Any CPU
	EndGlobalSection
	GlobalSection(SolutionProperties) = preSolution
		HideSolutionNode = FALSE
	EndGlobalSection
EndGlobal
